
Microsoft Visual Studio Solution File, Format Version 12.00
# Visual Studio Version 17
VisualStudioVersion = 17.8.34330.188
MinimumVisualStudioVersion = 10.0.40219.1
Project("{9A19103F-16F7-4668-BE54-9A1E7A4F7556}") = "JapinoRenting", "JapinoRenting\JapinoRenting.csproj", "{44E555B2-0DD3-415C-98AC-D59873496F5D}"
EndProject
Project("{9A19103F-16F7-4668-BE54-9A1E7A4F7556}") = "JapinoRenting.Client", "JapinoRenting.Client\JapinoRenting.Client.csproj", "{1D1A46CB-2398-4473-BEA9-EC84F19DC63F}"
EndProject
Project("{9A19103F-16F7-4668-BE54-9A1E7A4F7556}") = "JapinoRenting.Data", "JapinoRenting.Data\JapinoRenting.Data.csproj", "{F814DA49-0B16-4323-BB2A-578E486019C0}"
EndProject
Project("{FAE04EC0-301F-11D3-BF4B-00C04F79EFBC}") = "JapinoRenting.Api", "JapinoRenting.Api\JapinoRenting.Api.csproj", "{9755C55D-9C93-4F5C-A7AE-A511E42E689E}"
EndProject
Global
	GlobalSection(SolutionConfigurationPlatforms) = preSolution
		Debug|Any CPU = Debug|Any CPU
		Release|Any CPU = Release|Any CPU
	EndGlobalSection
	GlobalSection(ProjectConfigurationPlatforms) = postSolution
		{44E555B2-0DD3-415C-98AC-D59873496F5D}.Debug|Any CPU.ActiveCfg = Debug|Any CPU
		{44E555B2-0DD3-415C-98AC-D59873496F5D}.Debug|Any CPU.Build.0 = Debug|Any CPU
		{44E555B2-0DD3-415C-98AC-D59873496F5D}.Release|Any CPU.ActiveCfg = Release|Any CPU
		{44E555B2-0DD3-415C-98AC-D59873496F5D}.Release|Any CPU.Build.0 = Release|Any CPU
		{1D1A46CB-2398-4473-BEA9-EC84F19DC63F}.Debug|Any CPU.ActiveCfg = Debug|Any CPU
		{1D1A46CB-2398-4473-BEA9-EC84F19DC63F}.Debug|Any CPU.Build.0 = Debug|Any CPU
		{1D1A46CB-2398-4473-BEA9-EC84F19DC63F}.Release|Any CPU.ActiveCfg = Release|Any CPU
		{1D1A46CB-2398-4473-BEA9-EC84F19DC63F}.Release|Any CPU.Build.0 = Release|Any CPU
		{F814DA49-0B16-4323-BB2A-578E486019C0}.Debug|Any CPU.ActiveCfg = Debug|Any CPU
		{F814DA49-0B16-4323-BB2A-578E486019C0}.Debug|Any CPU.Build.0 = Debug|Any CPU
		{F814DA49-0B16-4323-BB2A-578E486019C0}.Release|Any CPU.ActiveCfg = Release|Any CPU
		{F814DA49-0B16-4323-BB2A-578E486019C0}.Release|Any CPU.Build.0 = Release|Any CPU
		{9755C55D-9C93-4F5C-A7AE-A511E42E689E}.Debug|Any CPU.ActiveCfg = Debug|Any CPU
		{9755C55D-9C93-4F5C-A7AE-A511E42E689E}.Debug|Any CPU.Build.0 = Debug|Any CPU
		{9755C55D-9C93-4F5C-A7AE-A511E42E689E}.Release|Any CPU.ActiveCfg = Release|Any CPU
		{9755C55D-9C93-4F5C-A7AE-A511E42E689E}.Release|Any CPU.Build.0 = Release|Any CPU
	EndGlobalSection
	GlobalSection(SolutionProperties) = preSolution
		HideSolutionNode = FALSE
	EndGlobalSection
	GlobalSection(ExtensibilityGlobals) = postSolution
		SolutionGuid = {88950B11-4180-494C-B139-181D8FE8439A}
	EndGlobalSection
EndGlobal
